
Microsoft Visual Studio Solution File, Format Version 12.00
# Visual Studio Version 17
VisualStudioVersion = 17.5.33502.453
MinimumVisualStudioVersion = 10.0.40219.1
Project("{FAE04EC0-301F-11D3-BF4B-00C04F79EFBC}") = "AudioPlayer", "AudioPlayer.csproj", "{6BF4CF30-48CA-45B7-B2AC-0D35FDC45507}"
EndProject
Global
	GlobalSection(SolutionConfigurationPlatforms) = preSolution
		Debug|Any CPU = Debug|Any CPU
		Release|Any CPU = Release|Any CPU
	EndGlobalSection
	GlobalSection(ProjectConfigurationPlatforms) = postSolution
		{6BF4CF30-48CA-45B7-B2AC-0D35FDC45507}.Debug|Any CPU.ActiveCfg = Debug|Any CPU
		{6BF4CF30-48CA-45B7-B2AC-0D35FDC45507}.Debug|Any CPU.Build.0 = Debug|Any CPU
		{6BF4CF30-48CA-45B7-B2AC-0D35FDC45507}.Release|Any CPU.ActiveCfg = Release|Any CPU
		{6BF4CF30-48CA-45B7-B2AC-0D35FDC45507}.Release|Any CPU.Build.0 = Release|Any CPU
	EndGlobalSection
	GlobalSection(SolutionProperties) = preSolution
		HideSolutionNode = FALSE
	EndGlobalSection
	GlobalSection(ExtensibilityGlobals) = postSolution
		SolutionGuid = {90D3B823-BDCF-453D-8221-E61149EE45AF}
	EndGlobalSection
EndGlobal
